
Microsoft Visual Studio Solution File, Format Version 12.00
# Visual Studio Version 16
VisualStudioVersion = 16.0.30907.101
MinimumVisualStudioVersion = 10.0.40219.1
Project("{2150E333-8FDC-42A3-9474-1A3956D46DE8}") = "Common", "Common", "{B74E446C-4DD9-4753-8BD5-5F90686561D5}"
EndProject
Project("{2150E333-8FDC-42A3-9474-1A3956D46DE8}") = "Services", "Services", "{3EDBDE59-7797-41C3-BCDA-B367B9545225}"
EndProject
Project("{2150E333-8FDC-42A3-9474-1A3956D46DE8}") = "UI", "UI", "{9E91A46F-B132-44DE-8587-2682377FDAE2}"
EndProject
Project("{9A19103F-16F7-4668-BE54-9A1E7A4F7556}") = "WebStore.Domain", "Common\WebStore.Domain\WebStore.Domain.csproj", "{5B67004F-33A0-49B6-A85F-77A04B7DD986}"
EndProject
Project("{9A19103F-16F7-4668-BE54-9A1E7A4F7556}") = "WebStore.DAL", "Services\WebStore.DAL\WebStore.DAL.csproj", "{216617EE-680A-4855-AF0B-82D686EEE638}"
EndProject
Project("{9A19103F-16F7-4668-BE54-9A1E7A4F7556}") = "WebStore", "UI\WebStore\WebStore.csproj", "{B9D012CF-2919-491D-8173-6300F5C2ED12}"
EndProject
Project("{9A19103F-16F7-4668-BE54-9A1E7A4F7556}") = "WebStore.Interfaces", "Services\WebStore.Interfaces\WebStore.Interfaces.csproj", "{28847249-1EF2-4362-8249-CC155CF98E1E}"
EndProject
Project("{9A19103F-16F7-4668-BE54-9A1E7A4F7556}") = "WebStore.Services", "Services\WebStore.Services\WebStore.Services.csproj", "{79B968DF-7665-4A22-95EC-891258A7E7CA}"
EndProject
Project("{FAE04EC0-301F-11D3-BF4B-00C04F79EFBC}") = "WebStore.ServiceHosting", "WebStore.ServiceHosting\WebStore.ServiceHosting.csproj", "{65C0E5D0-BC82-448D-9529-76BE5004233B}"
EndProject
Project("{FAE04EC0-301F-11D3-BF4B-00C04F79EFBC}") = "WebStore.Clients", "Services\WebStore.Clients\WebStore.Clients.csproj", "{34863F39-F9EB-4D67-A8FB-6716B16A2078}"
EndProject
Global
	GlobalSection(SolutionConfigurationPlatforms) = preSolution
		Debug|Any CPU = Debug|Any CPU
		Release|Any CPU = Release|Any CPU
	EndGlobalSection
	GlobalSection(ProjectConfigurationPlatforms) = postSolution
		{5B67004F-33A0-49B6-A85F-77A04B7DD986}.Debug|Any CPU.ActiveCfg = Debug|Any CPU
		{5B67004F-33A0-49B6-A85F-77A04B7DD986}.Debug|Any CPU.Build.0 = Debug|Any CPU
		{5B67004F-33A0-49B6-A85F-77A04B7DD986}.Release|Any CPU.ActiveCfg = Release|Any CPU
		{5B67004F-33A0-49B6-A85F-77A04B7DD986}.Release|Any CPU.Build.0 = Release|Any CPU
		{216617EE-680A-4855-AF0B-82D686EEE638}.Debug|Any CPU.ActiveCfg = Debug|Any CPU
		{216617EE-680A-4855-AF0B-82D686EEE638}.Debug|Any CPU.Build.0 = Debug|Any CPU
		{216617EE-680A-4855-AF0B-82D686EEE638}.Release|Any CPU.ActiveCfg = Release|Any CPU
		{216617EE-680A-4855-AF0B-82D686EEE638}.Release|Any CPU.Build.0 = Release|Any CPU
		{B9D012CF-2919-491D-8173-6300F5C2ED12}.Debug|Any CPU.ActiveCfg = Debug|Any CPU
		{B9D012CF-2919-491D-8173-6300F5C2ED12}.Debug|Any CPU.Build.0 = Debug|Any CPU
		{B9D012CF-2919-491D-8173-6300F5C2ED12}.Release|Any CPU.ActiveCfg = Release|Any CPU
		{B9D012CF-2919-491D-8173-6300F5C2ED12}.Release|Any CPU.Build.0 = Release|Any CPU
		{28847249-1EF2-4362-8249-CC155CF98E1E}.Debug|Any CPU.ActiveCfg = Debug|Any CPU
		{28847249-1EF2-4362-8249-CC155CF98E1E}.Debug|Any CPU.Build.0 = Debug|Any CPU
		{28847249-1EF2-4362-8249-CC155CF98E1E}.Release|Any CPU.ActiveCfg = Release|Any CPU
		{28847249-1EF2-4362-8249-CC155CF98E1E}.Release|Any CPU.Build.0 = Release|Any CPU
		{79B968DF-7665-4A22-95EC-891258A7E7CA}.Debug|Any CPU.ActiveCfg = Debug|Any CPU
		{79B968DF-7665-4A22-95EC-891258A7E7CA}.Debug|Any CPU.Build.0 = Debug|Any CPU
		{79B968DF-7665-4A22-95EC-891258A7E7CA}.Release|Any CPU.ActiveCfg = Release|Any CPU
		{79B968DF-7665-4A22-95EC-891258A7E7CA}.Release|Any CPU.Build.0 = Release|Any CPU
		{65C0E5D0-BC82-448D-9529-76BE5004233B}.Debug|Any CPU.ActiveCfg = Debug|Any CPU
		{65C0E5D0-BC82-448D-9529-76BE5004233B}.Debug|Any CPU.Build.0 = Debug|Any CPU
		{65C0E5D0-BC82-448D-9529-76BE5004233B}.Release|Any CPU.ActiveCfg = Release|Any CPU
		{65C0E5D0-BC82-448D-9529-76BE5004233B}.Release|Any CPU.Build.0 = Release|Any CPU
		{34863F39-F9EB-4D67-A8FB-6716B16A2078}.Debug|Any CPU.ActiveCfg = Debug|Any CPU
		{34863F39-F9EB-4D67-A8FB-6716B16A2078}.Debug|Any CPU.Build.0 = Debug|Any CPU
		{34863F39-F9EB-4D67-A8FB-6716B16A2078}.Release|Any CPU.ActiveCfg = Release|Any CPU
		{34863F39-F9EB-4D67-A8FB-6716B16A2078}.Release|Any CPU.Build.0 = Release|Any CPU
	EndGlobalSection
	GlobalSection(SolutionProperties) = preSolution
		HideSolutionNode = FALSE
	EndGlobalSection
	GlobalSection(NestedProjects) = preSolution
		{5B67004F-33A0-49B6-A85F-77A04B7DD986} = {B74E446C-4DD9-4753-8BD5-5F90686561D5}
		{216617EE-680A-4855-AF0B-82D686EEE638} = {3EDBDE59-7797-41C3-BCDA-B367B9545225}
		{B9D012CF-2919-491D-8173-6300F5C2ED12} = {9E91A46F-B132-44DE-8587-2682377FDAE2}
		{28847249-1EF2-4362-8249-CC155CF98E1E} = {3EDBDE59-7797-41C3-BCDA-B367B9545225}
		{79B968DF-7665-4A22-95EC-891258A7E7CA} = {3EDBDE59-7797-41C3-BCDA-B367B9545225}
		{65C0E5D0-BC82-448D-9529-76BE5004233B} = {3EDBDE59-7797-41C3-BCDA-B367B9545225}
		{34863F39-F9EB-4D67-A8FB-6716B16A2078} = {3EDBDE59-7797-41C3-BCDA-B367B9545225}
	EndGlobalSection
	GlobalSection(ExtensibilityGlobals) = postSolution
		SolutionGuid = {8DE6B558-5A3D-4694-9CBF-0C787D3DE198}
	EndGlobalSection
EndGlobal
