
Microsoft Visual Studio Solution File, Format Version 12.00
# Visual Studio Version 16
VisualStudioVersion = 16.0.30907.101
MinimumVisualStudioVersion = 10.0.40219.1
Project("{FAE04EC0-301F-11D3-BF4B-00C04F79EFBC}") = "WebStore", "WebStore\WebStore.csproj", "{899B98D7-1D35-42D1-B965-CFAE91B5BDFF}"
EndProject
Global
	GlobalSection(SolutionConfigurationPlatforms) = preSolution
		Debug|Any CPU = Debug|Any CPU
		Release|Any CPU = Release|Any CPU
	EndGlobalSection
	GlobalSection(ProjectConfigurationPlatforms) = postSolution
		{899B98D7-1D35-42D1-B965-CFAE91B5BDFF}.Debug|Any CPU.ActiveCfg = Debug|Any CPU
		{899B98D7-1D35-42D1-B965-CFAE91B5BDFF}.Debug|Any CPU.Build.0 = Debug|Any CPU
		{899B98D7-1D35-42D1-B965-CFAE91B5BDFF}.Release|Any CPU.ActiveCfg = Release|Any CPU
		{899B98D7-1D35-42D1-B965-CFAE91B5BDFF}.Release|Any CPU.Build.0 = Release|Any CPU
	EndGlobalSection
	GlobalSection(SolutionProperties) = preSolution
		HideSolutionNode = FALSE
	EndGlobalSection
	GlobalSection(ExtensibilityGlobals) = postSolution
		SolutionGuid = {8DE6B558-5A3D-4694-9CBF-0C787D3DE198}
	EndGlobalSection
EndGlobal
